
Microsoft Visual Studio Solution File, Format Version 12.00
# Visual Studio 15
VisualStudioVersion = 15.0.28307.1022
MinimumVisualStudioVersion = 10.0.40219.1
Project("{FAE04EC0-301F-11D3-BF4B-00C04F79EFBC}") = "TestJenkinsBuild", "TestJenkinsBuild\TestJenkinsBuild.csproj", "{D5DF0A9B-C818-4F8B-9637-22298037C30A}"
EndProject
Global
	GlobalSection(SolutionConfigurationPlatforms) = preSolution
		Debug|Any CPU = Debug|Any CPU
		Release|Any CPU = Release|Any CPU
	EndGlobalSection
	GlobalSection(ProjectConfigurationPlatforms) = postSolution
		{D5DF0A9B-C818-4F8B-9637-22298037C30A}.Debug|Any CPU.ActiveCfg = Debug|Any CPU
		{D5DF0A9B-C818-4F8B-9637-22298037C30A}.Debug|Any CPU.Build.0 = Debug|Any CPU
		{D5DF0A9B-C818-4F8B-9637-22298037C30A}.Release|Any CPU.ActiveCfg = Release|Any CPU
		{D5DF0A9B-C818-4F8B-9637-22298037C30A}.Release|Any CPU.Build.0 = Release|Any CPU
	EndGlobalSection
	GlobalSection(SolutionProperties) = preSolution
		HideSolutionNode = FALSE
	EndGlobalSection
	GlobalSection(ExtensibilityGlobals) = postSolution
		SolutionGuid = {02FFB581-31DB-4B93-8A30-523DB1D031C1}
	EndGlobalSection
EndGlobal
